{
  "name": "supervisor",
  "version": "1.0.0",
  "lockfileVersion": 1,
  "requires": true,
  "dependencies": {
    "systeminformation": {
      "version": "3.33.8",
      "resolved": "https://registry.npmjs.org/systeminformation/-/systeminformation-3.33.8.tgz",
      "integrity": "sha512-fszYG5Y2ctRdhCgTTxCUc++ZYmctmLtkZlhEyftymWpIl9bItTUcBRN7qzx0FelFeP4rYXECUIgRfib+VKmvNw=="
    }
  }
}
